
Microsoft Visual Studio Solution File, Format Version 12.00
# Visual Studio Version 16
VisualStudioVersion = 16.0.30907.101
MinimumVisualStudioVersion = 10.0.40219.1
Project("{FAE04EC0-301F-11D3-BF4B-00C04F79EFBC}") = "Recursion", "Recursion.csproj", "{9B62BFAF-254A-410A-907D-BFFCFB312C12}"
EndProject
Global
	GlobalSection(SolutionConfigurationPlatforms) = preSolution
		Debug|Any CPU = Debug|Any CPU
		Release|Any CPU = Release|Any CPU
	EndGlobalSection
	GlobalSection(ProjectConfigurationPlatforms) = postSolution
		{9B62BFAF-254A-410A-907D-BFFCFB312C12}.Debug|Any CPU.ActiveCfg = Debug|Any CPU
		{9B62BFAF-254A-410A-907D-BFFCFB312C12}.Debug|Any CPU.Build.0 = Debug|Any CPU
		{9B62BFAF-254A-410A-907D-BFFCFB312C12}.Release|Any CPU.ActiveCfg = Release|Any CPU
		{9B62BFAF-254A-410A-907D-BFFCFB312C12}.Release|Any CPU.Build.0 = Release|Any CPU
	EndGlobalSection
	GlobalSection(SolutionProperties) = preSolution
		HideSolutionNode = FALSE
	EndGlobalSection
	GlobalSection(ExtensibilityGlobals) = postSolution
		SolutionGuid = {6C443175-16FD-421C-BFC4-033E7FA459BE}
	EndGlobalSection
EndGlobal
