
Microsoft Visual Studio Solution File, Format Version 12.00
# Visual Studio Version 16
VisualStudioVersion = 16.0.30907.101
MinimumVisualStudioVersion = 10.0.40219.1
Project("{FAE04EC0-301F-11D3-BF4B-00C04F79EFBC}") = "MVCUploadFile", "MVCUploadFile.csproj", "{F9AE375E-7632-498D-8E95-831338AA5883}"
EndProject
Global
	GlobalSection(SolutionConfigurationPlatforms) = preSolution
		Debug|Any CPU = Debug|Any CPU
		Release|Any CPU = Release|Any CPU
	EndGlobalSection
	GlobalSection(ProjectConfigurationPlatforms) = postSolution
		{F9AE375E-7632-498D-8E95-831338AA5883}.Debug|Any CPU.ActiveCfg = Debug|Any CPU
		{F9AE375E-7632-498D-8E95-831338AA5883}.Debug|Any CPU.Build.0 = Debug|Any CPU
		{F9AE375E-7632-498D-8E95-831338AA5883}.Release|Any CPU.ActiveCfg = Release|Any CPU
		{F9AE375E-7632-498D-8E95-831338AA5883}.Release|Any CPU.Build.0 = Release|Any CPU
	EndGlobalSection
	GlobalSection(SolutionProperties) = preSolution
		HideSolutionNode = FALSE
	EndGlobalSection
	GlobalSection(ExtensibilityGlobals) = postSolution
		SolutionGuid = {40D17998-2CA5-47BA-837C-BFC51C8A2795}
	EndGlobalSection
EndGlobal
